// !$*UTF8*$!
{
	archiveVersion = 1;
	classes = {
	};
	objectVersion = 48;
	objects = {

/* Begin PBXBuildFile section */
		78C5E5118880B8E7C8793164 /* Pods_Geronimo.framework in Frameworks */ = {isa = PBXBuildFile; fileRef = 64AB05600F692B130E40375A /* Pods_Geronimo.framework */; };
		7C2AF274206447860028B2C4 /* Timer.swift in Sources */ = {isa = PBXBuildFile; fileRef = 7C2AF273206447860028B2C4 /* Timer.swift */; };
		7C2AF276206454950028B2C4 /* TimerData.swift in Sources */ = {isa = PBXBuildFile; fileRef = 7C2AF275206454950028B2C4 /* TimerData.swift */; };
		7C302BA420610AAC00B60560 /* ActiveTimersVC.swift in Sources */ = {isa = PBXBuildFile; fileRef = 7C302BA220610AAC00B60560 /* ActiveTimersVC.swift */; };
		7C302BA520610AAC00B60560 /* ActiveTimersVC.xib in Resources */ = {isa = PBXBuildFile; fileRef = 7C302BA320610AAC00B60560 /* ActiveTimersVC.xib */; };
		7C302BA920611AA700B60560 /* EndedTimersVC.swift in Sources */ = {isa = PBXBuildFile; fileRef = 7C302BA720611AA700B60560 /* EndedTimersVC.swift */; };
		7C302BAA20611AA700B60560 /* EndedTimersVC.xib in Resources */ = {isa = PBXBuildFile; fileRef = 7C302BA820611AA700B60560 /* EndedTimersVC.xib */; };
		7C302BAE20611AE100B60560 /* EndedTimerTableCell.swift in Sources */ = {isa = PBXBuildFile; fileRef = 7C302BAC20611AE100B60560 /* EndedTimerTableCell.swift */; };
		7C302BAF20611AE100B60560 /* EndedTimerTableCell.xib in Resources */ = {isa = PBXBuildFile; fileRef = 7C302BAD20611AE100B60560 /* EndedTimerTableCell.xib */; };
		7C43B7BE2062960300D57614 /* EditTimerVC.swift in Sources */ = {isa = PBXBuildFile; fileRef = 7C43B7BC2062960300D57614 /* EditTimerVC.swift */; };
		7C43B7BF2062960300D57614 /* EditTimerVC.xib in Resources */ = {isa = PBXBuildFile; fileRef = 7C43B7BD2062960300D57614 /* EditTimerVC.xib */; };
		7C48B8DB20600CF4001605A6 /* ActiveTimerTableCell.swift in Sources */ = {isa = PBXBuildFile; fileRef = 7C48B8D920600CF4001605A6 /* ActiveTimerTableCell.swift */; };
		7C48B8DC20600CF4001605A6 /* ActiveTimerTableCell.xib in Resources */ = {isa = PBXBuildFile; fileRef = 7C48B8DA20600CF4001605A6 /* ActiveTimerTableCell.xib */; };
		7CA0A4472063C4CC000B10C6 /* AboutVC.swift in Sources */ = {isa = PBXBuildFile; fileRef = 7CA0A4452063C4CC000B10C6 /* AboutVC.swift */; };
		7CA0A4482063C4CC000B10C6 /* AboutVC.xib in Resources */ = {isa = PBXBuildFile; fileRef = 7CA0A4462063C4CC000B10C6 /* AboutVC.xib */; };
		7CA0A44D2063D9C0000B10C6 /* SendFormVC.swift in Sources */ = {isa = PBXBuildFile; fileRef = 7CA0A44B2063D9C0000B10C6 /* SendFormVC.swift */; };
		7CA0A44E2063D9C0000B10C6 /* SendFormVC.xib in Resources */ = {isa = PBXBuildFile; fileRef = 7CA0A44C2063D9C0000B10C6 /* SendFormVC.xib */; };
		7CA0A4522063E8BA000B10C6 /* TimerStatisticVC.swift in Sources */ = {isa = PBXBuildFile; fileRef = 7CA0A4502063E8BA000B10C6 /* TimerStatisticVC.swift */; };
		7CA0A4532063E8BA000B10C6 /* TimerStatisticVC.xib in Resources */ = {isa = PBXBuildFile; fileRef = 7CA0A4512063E8BA000B10C6 /* TimerStatisticVC.xib */; };
		7CA4C11820650A1200E7E905 /* LabelArrowCell.swift in Sources */ = {isa = PBXBuildFile; fileRef = 7CA4C11620650A1200E7E905 /* LabelArrowCell.swift */; };
		7CA4C11920650A1200E7E905 /* LabelArrowCell.xib in Resources */ = {isa = PBXBuildFile; fileRef = 7CA4C11720650A1200E7E905 /* LabelArrowCell.xib */; };
		7CA4C11C20650CCF00E7E905 /* LabelSwitchCell.swift in Sources */ = {isa = PBXBuildFile; fileRef = 7CA4C11A20650CCF00E7E905 /* LabelSwitchCell.swift */; };
		7CA4C11D20650CCF00E7E905 /* LabelSwitchCell.xib in Resources */ = {isa = PBXBuildFile; fileRef = 7CA4C11B20650CCF00E7E905 /* LabelSwitchCell.xib */; };
		7CA4C12020650DDF00E7E905 /* LabelLabelCell.swift in Sources */ = {isa = PBXBuildFile; fileRef = 7CA4C11E20650DDF00E7E905 /* LabelLabelCell.swift */; };
		7CA4C12120650DDF00E7E905 /* LabelLabelCell.xib in Resources */ = {isa = PBXBuildFile; fileRef = 7CA4C11F20650DDF00E7E905 /* LabelLabelCell.xib */; };
		7CA4C123206527C800E7E905 /* TimerSettingsTable.swift in Sources */ = {isa = PBXBuildFile; fileRef = 7CA4C122206527C800E7E905 /* TimerSettingsTable.swift */; };
		7CCFB5BC20624E7000D25EDB /* TableViewRowAction.swift in Sources */ = {isa = PBXBuildFile; fileRef = 7CCFB5BB20624E7000D25EDB /* TableViewRowAction.swift */; };
		7CCFB5C0206260BF00D25EDB /* SettingsVC.swift in Sources */ = {isa = PBXBuildFile; fileRef = 7CCFB5BE206260BF00D25EDB /* SettingsVC.swift */; };
		7CCFB5C1206260BF00D25EDB /* SettingsVC.xib in Resources */ = {isa = PBXBuildFile; fileRef = 7CCFB5BF206260BF00D25EDB /* SettingsVC.xib */; };
		7CCFB5C42062624000D25EDB /* SettingsTableCell.swift in Sources */ = {isa = PBXBuildFile; fileRef = 7CCFB5C22062624000D25EDB /* SettingsTableCell.swift */; };
		7CCFB5C52062624000D25EDB /* SettingsTableCell.xib in Resources */ = {isa = PBXBuildFile; fileRef = 7CCFB5C32062624000D25EDB /* SettingsTableCell.xib */; };
		7CCFB5C7206279F500D25EDB /* StatusBar.swift in Sources */ = {isa = PBXBuildFile; fileRef = 7CCFB5C6206279F500D25EDB /* StatusBar.swift */; };
		7CFD3989205FFDBA00A3B800 /* AppDelegate.swift in Sources */ = {isa = PBXBuildFile; fileRef = 7CFD3988205FFDBA00A3B800 /* AppDelegate.swift */; };
		7CFD3993205FFDBA00A3B800 /* Assets.xcassets in Resources */ = {isa = PBXBuildFile; fileRef = 7CFD3992205FFDBA00A3B800 /* Assets.xcassets */; };
		7CFD3996205FFDBA00A3B800 /* LaunchScreen.storyboard in Resources */ = {isa = PBXBuildFile; fileRef = 7CFD3994205FFDBA00A3B800 /* LaunchScreen.storyboard */; };
		7CFD39A0205FFF9E00A3B800 /* TimersVC.swift in Sources */ = {isa = PBXBuildFile; fileRef = 7CFD399E205FFF9E00A3B800 /* TimersVC.swift */; };
		7CFD39A1205FFF9E00A3B800 /* TimersVC.xib in Resources */ = {isa = PBXBuildFile; fileRef = 7CFD399F205FFF9E00A3B800 /* TimersVC.xib */; };
/* End PBXBuildFile section */

/* Begin PBXFileReference section */
		280F448869ADB64AF5014B1E /* Pods-Geronimo.debug.xcconfig */ = {isa = PBXFileReference; includeInIndex = 1; lastKnownFileType = text.xcconfig; name = "Pods-Geronimo.debug.xcconfig"; path = "Pods/Target Support Files/Pods-Geronimo/Pods-Geronimo.debug.xcconfig"; sourceTree = "<group>"; };
		64AB05600F692B130E40375A /* Pods_Geronimo.framework */ = {isa = PBXFileReference; explicitFileType = wrapper.framework; includeInIndex = 0; path = Pods_Geronimo.framework; sourceTree = BUILT_PRODUCTS_DIR; };
		7C2AF273206447860028B2C4 /* Timer.swift */ = {isa = PBXFileReference; lastKnownFileType = sourcecode.swift; path = Timer.swift; sourceTree = "<group>"; };
		7C2AF275206454950028B2C4 /* TimerData.swift */ = {isa = PBXFileReference; lastKnownFileType = sourcecode.swift; path = TimerData.swift; sourceTree = "<group>"; };
		7C302BA220610AAC00B60560 /* ActiveTimersVC.swift */ = {isa = PBXFileReference; lastKnownFileType = sourcecode.swift; path = ActiveTimersVC.swift; sourceTree = "<group>"; };
		7C302BA320610AAC00B60560 /* ActiveTimersVC.xib */ = {isa = PBXFileReference; lastKnownFileType = file.xib; path = ActiveTimersVC.xib; sourceTree = "<group>"; };
		7C302BA720611AA700B60560 /* EndedTimersVC.swift */ = {isa = PBXFileReference; lastKnownFileType = sourcecode.swift; path = EndedTimersVC.swift; sourceTree = "<group>"; };
		7C302BA820611AA700B60560 /* EndedTimersVC.xib */ = {isa = PBXFileReference; lastKnownFileType = file.xib; path = EndedTimersVC.xib; sourceTree = "<group>"; };
		7C302BAC20611AE100B60560 /* EndedTimerTableCell.swift */ = {isa = PBXFileReference; lastKnownFileType = sourcecode.swift; path = EndedTimerTableCell.swift; sourceTree = "<group>"; };
		7C302BAD20611AE100B60560 /* EndedTimerTableCell.xib */ = {isa = PBXFileReference; lastKnownFileType = file.xib; path = EndedTimerTableCell.xib; sourceTree = "<group>"; };
		7C43B7BC2062960300D57614 /* EditTimerVC.swift */ = {isa = PBXFileReference; lastKnownFileType = sourcecode.swift; path = EditTimerVC.swift; sourceTree = "<group>"; };
		7C43B7BD2062960300D57614 /* EditTimerVC.xib */ = {isa = PBXFileReference; lastKnownFileType = file.xib; path = EditTimerVC.xib; sourceTree = "<group>"; };
		7C48B8D920600CF4001605A6 /* ActiveTimerTableCell.swift */ = {isa = PBXFileReference; lastKnownFileType = sourcecode.swift; path = ActiveTimerTableCell.swift; sourceTree = "<group>"; };
		7C48B8DA20600CF4001605A6 /* ActiveTimerTableCell.xib */ = {isa = PBXFileReference; lastKnownFileType = file.xib; path = ActiveTimerTableCell.xib; sourceTree = "<group>"; };
		7CA0A4452063C4CC000B10C6 /* AboutVC.swift */ = {isa = PBXFileReference; lastKnownFileType = sourcecode.swift; path = AboutVC.swift; sourceTree = "<group>"; };
		7CA0A4462063C4CC000B10C6 /* AboutVC.xib */ = {isa = PBXFileReference; lastKnownFileType = file.xib; path = AboutVC.xib; sourceTree = "<group>"; };
		7CA0A44B2063D9C0000B10C6 /* SendFormVC.swift */ = {isa = PBXFileReference; lastKnownFileType = sourcecode.swift; path = SendFormVC.swift; sourceTree = "<group>"; };
		7CA0A44C2063D9C0000B10C6 /* SendFormVC.xib */ = {isa = PBXFileReference; lastKnownFileType = file.xib; path = SendFormVC.xib; sourceTree = "<group>"; };
		7CA0A4502063E8BA000B10C6 /* TimerStatisticVC.swift */ = {isa = PBXFileReference; lastKnownFileType = sourcecode.swift; path = TimerStatisticVC.swift; sourceTree = "<group>"; };
		7CA0A4512063E8BA000B10C6 /* TimerStatisticVC.xib */ = {isa = PBXFileReference; lastKnownFileType = file.xib; path = TimerStatisticVC.xib; sourceTree = "<group>"; };
		7CA4C11620650A1200E7E905 /* LabelArrowCell.swift */ = {isa = PBXFileReference; lastKnownFileType = sourcecode.swift; path = LabelArrowCell.swift; sourceTree = "<group>"; };
		7CA4C11720650A1200E7E905 /* LabelArrowCell.xib */ = {isa = PBXFileReference; lastKnownFileType = file.xib; path = LabelArrowCell.xib; sourceTree = "<group>"; };
		7CA4C11A20650CCF00E7E905 /* LabelSwitchCell.swift */ = {isa = PBXFileReference; lastKnownFileType = sourcecode.swift; path = LabelSwitchCell.swift; sourceTree = "<group>"; };
		7CA4C11B20650CCF00E7E905 /* LabelSwitchCell.xib */ = {isa = PBXFileReference; lastKnownFileType = file.xib; path = LabelSwitchCell.xib; sourceTree = "<group>"; };
		7CA4C11E20650DDF00E7E905 /* LabelLabelCell.swift */ = {isa = PBXFileReference; lastKnownFileType = sourcecode.swift; path = LabelLabelCell.swift; sourceTree = "<group>"; };
		7CA4C11F20650DDF00E7E905 /* LabelLabelCell.xib */ = {isa = PBXFileReference; lastKnownFileType = file.xib; path = LabelLabelCell.xib; sourceTree = "<group>"; };
		7CA4C122206527C800E7E905 /* TimerSettingsTable.swift */ = {isa = PBXFileReference; lastKnownFileType = sourcecode.swift; path = TimerSettingsTable.swift; sourceTree = "<group>"; };
		7CCFB5BB20624E7000D25EDB /* TableViewRowAction.swift */ = {isa = PBXFileReference; lastKnownFileType = sourcecode.swift; path = TableViewRowAction.swift; sourceTree = "<group>"; };
		7CCFB5BE206260BF00D25EDB /* SettingsVC.swift */ = {isa = PBXFileReference; lastKnownFileType = sourcecode.swift; path = SettingsVC.swift; sourceTree = "<group>"; };
		7CCFB5BF206260BF00D25EDB /* SettingsVC.xib */ = {isa = PBXFileReference; lastKnownFileType = file.xib; path = SettingsVC.xib; sourceTree = "<group>"; };
		7CCFB5C22062624000D25EDB /* SettingsTableCell.swift */ = {isa = PBXFileReference; lastKnownFileType = sourcecode.swift; path = SettingsTableCell.swift; sourceTree = "<group>"; };
		7CCFB5C32062624000D25EDB /* SettingsTableCell.xib */ = {isa = PBXFileReference; lastKnownFileType = file.xib; path = SettingsTableCell.xib; sourceTree = "<group>"; };
		7CCFB5C6206279F500D25EDB /* StatusBar.swift */ = {isa = PBXFileReference; lastKnownFileType = sourcecode.swift; path = StatusBar.swift; sourceTree = "<group>"; };
		7CFD3985205FFDBA00A3B800 /* Geronimo.app */ = {isa = PBXFileReference; explicitFileType = wrapper.application; includeInIndex = 0; path = Geronimo.app; sourceTree = BUILT_PRODUCTS_DIR; };
		7CFD3988205FFDBA00A3B800 /* AppDelegate.swift */ = {isa = PBXFileReference; lastKnownFileType = sourcecode.swift; path = AppDelegate.swift; sourceTree = "<group>"; };
		7CFD3992205FFDBA00A3B800 /* Assets.xcassets */ = {isa = PBXFileReference; lastKnownFileType = folder.assetcatalog; path = Assets.xcassets; sourceTree = "<group>"; };
		7CFD3995205FFDBA00A3B800 /* Base */ = {isa = PBXFileReference; lastKnownFileType = file.storyboard; name = Base; path = Base.lproj/LaunchScreen.storyboard; sourceTree = "<group>"; };
		7CFD3997205FFDBA00A3B800 /* Info.plist */ = {isa = PBXFileReference; lastKnownFileType = text.plist.xml; path = Info.plist; sourceTree = "<group>"; };
		7CFD399E205FFF9E00A3B800 /* TimersVC.swift */ = {isa = PBXFileReference; lastKnownFileType = sourcecode.swift; path = TimersVC.swift; sourceTree = "<group>"; };
		7CFD399F205FFF9E00A3B800 /* TimersVC.xib */ = {isa = PBXFileReference; lastKnownFileType = file.xib; path = TimersVC.xib; sourceTree = "<group>"; };
		BC0403E73D543530D53B6E6E /* Pods-Geronimo.release.xcconfig */ = {isa = PBXFileReference; includeInIndex = 1; lastKnownFileType = text.xcconfig; name = "Pods-Geronimo.release.xcconfig"; path = "Pods/Target Support Files/Pods-Geronimo/Pods-Geronimo.release.xcconfig"; sourceTree = "<group>"; };
/* End PBXFileReference section */

/* Begin PBXFrameworksBuildPhase section */
		7CFD3982205FFDBA00A3B800 /* Frameworks */ = {
			isa = PBXFrameworksBuildPhase;
			buildActionMask = 2147483647;
			files = (
				78C5E5118880B8E7C8793164 /* Pods_Geronimo.framework in Frameworks */,
			);
			runOnlyForDeploymentPostprocessing = 0;
		};
/* End PBXFrameworksBuildPhase section */

/* Begin PBXGroup section */
		0F1517EA91BE303CA8C63200 /* Frameworks */ = {
			isa = PBXGroup;
			children = (
				64AB05600F692B130E40375A /* Pods_Geronimo.framework */,
			);
			name = Frameworks;
			sourceTree = "<group>";
		};
		58773E0A319BC83206392805 /* Pods */ = {
			isa = PBXGroup;
			children = (
				280F448869ADB64AF5014B1E /* Pods-Geronimo.debug.xcconfig */,
				BC0403E73D543530D53B6E6E /* Pods-Geronimo.release.xcconfig */,
			);
			name = Pods;
			sourceTree = "<group>";
		};
		7C302BA02061093B00B60560 /* Timers */ = {
			isa = PBXGroup;
			children = (
				7C302BA620610E6B00B60560 /* Ended */,
				7C302BA12061094700B60560 /* Active */,
			);
			path = Timers;
			sourceTree = "<group>";
		};
		7C302BA12061094700B60560 /* Active */ = {
			isa = PBXGroup;
			children = (
				7C43B7BB2062955B00D57614 /* Add_Edit */,
				7CA0A44F2063E890000B10C6 /* Statistic */,
				7C48B8D920600CF4001605A6 /* ActiveTimerTableCell.swift */,
				7C48B8DA20600CF4001605A6 /* ActiveTimerTableCell.xib */,
				7C302BA220610AAC00B60560 /* ActiveTimersVC.swift */,
				7C302BA320610AAC00B60560 /* ActiveTimersVC.xib */,
			);
			path = Active;
			sourceTree = "<group>";
		};
		7C302BA620610E6B00B60560 /* Ended */ = {
			isa = PBXGroup;
			children = (
				7C302BA720611AA700B60560 /* EndedTimersVC.swift */,
				7C302BA820611AA700B60560 /* EndedTimersVC.xib */,
				7C302BAC20611AE100B60560 /* EndedTimerTableCell.swift */,
				7C302BAD20611AE100B60560 /* EndedTimerTableCell.xib */,
			);
			path = Ended;
			sourceTree = "<group>";
		};
		7C43B7BB2062955B00D57614 /* Add_Edit */ = {
			isa = PBXGroup;
			children = (
				7CA4C1152065092800E7E905 /* TableCells */,
				7C43B7BC2062960300D57614 /* EditTimerVC.swift */,
				7C43B7BD2062960300D57614 /* EditTimerVC.xib */,
			);
			path = Add_Edit;
			sourceTree = "<group>";
		};
		7C48B8DD20600EBE001605A6 /* data_models */ = {
			isa = PBXGroup;
			children = (
				7C2AF273206447860028B2C4 /* Timer.swift */,
				7C2AF275206454950028B2C4 /* TimerData.swift */,
			);
			path = data_models;
			sourceTree = "<group>";
		};
		7CA0A4492063C4D1000B10C6 /* About */ = {
			isa = PBXGroup;
			children = (
				7CA0A4452063C4CC000B10C6 /* AboutVC.swift */,
				7CA0A4462063C4CC000B10C6 /* AboutVC.xib */,
			);
			path = About;
			sourceTree = "<group>";
		};
		7CA0A44A2063D880000B10C6 /* SendForm */ = {
			isa = PBXGroup;
			children = (
				7CA0A44B2063D9C0000B10C6 /* SendFormVC.swift */,
				7CA0A44C2063D9C0000B10C6 /* SendFormVC.xib */,
			);
			path = SendForm;
			sourceTree = "<group>";
		};
		7CA0A44F2063E890000B10C6 /* Statistic */ = {
			isa = PBXGroup;
			children = (
				7CA0A4502063E8BA000B10C6 /* TimerStatisticVC.swift */,
				7CA0A4512063E8BA000B10C6 /* TimerStatisticVC.xib */,
			);
			path = Statistic;
			sourceTree = "<group>";
		};
		7CA4C1152065092800E7E905 /* TableCells */ = {
			isa = PBXGroup;
			children = (
				7CA4C11620650A1200E7E905 /* LabelArrowCell.swift */,
				7CA4C11720650A1200E7E905 /* LabelArrowCell.xib */,
				7CA4C11A20650CCF00E7E905 /* LabelSwitchCell.swift */,
				7CA4C11B20650CCF00E7E905 /* LabelSwitchCell.xib */,
				7CA4C11E20650DDF00E7E905 /* LabelLabelCell.swift */,
				7CA4C11F20650DDF00E7E905 /* LabelLabelCell.xib */,
			);
			path = TableCells;
			sourceTree = "<group>";
		};
		7CCFB5BA20624E4C00D25EDB /* Tolls&Extensions */ = {
			isa = PBXGroup;
			children = (
				7CCFB5BB20624E7000D25EDB /* TableViewRowAction.swift */,
				7CCFB5C6206279F500D25EDB /* StatusBar.swift */,
				7CA4C122206527C800E7E905 /* TimerSettingsTable.swift */,
			);
			path = "Tolls&Extensions";
			sourceTree = "<group>";
		};
		7CCFB5BD2062608D00D25EDB /* Settings */ = {
			isa = PBXGroup;
			children = (
				7CA0A44A2063D880000B10C6 /* SendForm */,
				7CA0A4492063C4D1000B10C6 /* About */,
				7CCFB5BE206260BF00D25EDB /* SettingsVC.swift */,
				7CCFB5BF206260BF00D25EDB /* SettingsVC.xib */,
				7CCFB5C22062624000D25EDB /* SettingsTableCell.swift */,
				7CCFB5C32062624000D25EDB /* SettingsTableCell.xib */,
			);
			path = Settings;
			sourceTree = "<group>";
		};
		7CFD397C205FFDBA00A3B800 = {
			isa = PBXGroup;
			children = (
				7CFD3987205FFDBA00A3B800 /* Geronimo */,
				7CFD3986205FFDBA00A3B800 /* Products */,
				58773E0A319BC83206392805 /* Pods */,
				0F1517EA91BE303CA8C63200 /* Frameworks */,
			);
			sourceTree = "<group>";
		};
		7CFD3986205FFDBA00A3B800 /* Products */ = {
			isa = PBXGroup;
			children = (
				7CFD3985205FFDBA00A3B800 /* Geronimo.app */,
			);
			name = Products;
			sourceTree = "<group>";
		};
		7CFD3987205FFDBA00A3B800 /* Geronimo */ = {
			isa = PBXGroup;
			children = (
				7CCFB5BA20624E4C00D25EDB /* Tolls&Extensions */,
				7C48B8DD20600EBE001605A6 /* data_models */,
				7CFD399D205FFF7D00A3B800 /* Screens */,
				7CFD3988205FFDBA00A3B800 /* AppDelegate.swift */,
				7CFD3992205FFDBA00A3B800 /* Assets.xcassets */,
				7CFD3994205FFDBA00A3B800 /* LaunchScreen.storyboard */,
				7CFD3997205FFDBA00A3B800 /* Info.plist */,
			);
			path = Geronimo;
			sourceTree = "<group>";
		};
		7CFD399D205FFF7D00A3B800 /* Screens */ = {
			isa = PBXGroup;
			children = (
				7CCFB5BD2062608D00D25EDB /* Settings */,
				7C302BA02061093B00B60560 /* Timers */,
				7CFD399E205FFF9E00A3B800 /* TimersVC.swift */,
				7CFD399F205FFF9E00A3B800 /* TimersVC.xib */,
			);
			path = Screens;
			sourceTree = "<group>";
		};
/* End PBXGroup section */

/* Begin PBXNativeTarget section */
		7CFD3984205FFDBA00A3B800 /* Geronimo */ = {
			isa = PBXNativeTarget;
			buildConfigurationList = 7CFD399A205FFDBA00A3B800 /* Build configuration list for PBXNativeTarget "Geronimo" */;
			buildPhases = (
				68B7077C73C05B17E4D4E9E2 /* [CP] Check Pods Manifest.lock */,
				7CFD3981205FFDBA00A3B800 /* Sources */,
				7CFD3982205FFDBA00A3B800 /* Frameworks */,
				7CFD3983205FFDBA00A3B800 /* Resources */,
				6674C34B68ACE1013663A91F /* [CP] Embed Pods Frameworks */,
				1850157922C786B741AC877A /* [CP] Copy Pods Resources */,
			);
			buildRules = (
			);
			dependencies = (
			);
			name = Geronimo;
			productName = Geronimo;
			productReference = 7CFD3985205FFDBA00A3B800 /* Geronimo.app */;
			productType = "com.apple.product-type.application";
		};
/* End PBXNativeTarget section */

/* Begin PBXProject section */
		7CFD397D205FFDBA00A3B800 /* Project object */ = {
			isa = PBXProject;
			attributes = {
				LastSwiftUpdateCheck = 0920;
				LastUpgradeCheck = 0920;
				ORGANIZATIONNAME = "Serg Liamthev";
				TargetAttributes = {
					7CFD3984205FFDBA00A3B800 = {
						CreatedOnToolsVersion = 9.2;
						ProvisioningStyle = Automatic;
					};
				};
			};
			buildConfigurationList = 7CFD3980205FFDBA00A3B800 /* Build configuration list for PBXProject "Geronimo" */;
			compatibilityVersion = "Xcode 8.0";
			developmentRegion = en;
			hasScannedForEncodings = 0;
			knownRegions = (
				en,
				Base,
			);
			mainGroup = 7CFD397C205FFDBA00A3B800;
			productRefGroup = 7CFD3986205FFDBA00A3B800 /* Products */;
			projectDirPath = "";
			projectRoot = "";
			targets = (
				7CFD3984205FFDBA00A3B800 /* Geronimo */,
			);
		};
/* End PBXProject section */

/* Begin PBXResourcesBuildPhase section */
		7CFD3983205FFDBA00A3B800 /* Resources */ = {
			isa = PBXResourcesBuildPhase;
			buildActionMask = 2147483647;
			files = (
				7CA4C11920650A1200E7E905 /* LabelArrowCell.xib in Resources */,
				7C43B7BF2062960300D57614 /* EditTimerVC.xib in Resources */,
				7C302BAF20611AE100B60560 /* EndedTimerTableCell.xib in Resources */,
				7CA4C12120650DDF00E7E905 /* LabelLabelCell.xib in Resources */,
				7CA4C11D20650CCF00E7E905 /* LabelSwitchCell.xib in Resources */,
				7CA0A4532063E8BA000B10C6 /* TimerStatisticVC.xib in Resources */,
				7CCFB5C1206260BF00D25EDB /* SettingsVC.xib in Resources */,
				7C48B8DC20600CF4001605A6 /* ActiveTimerTableCell.xib in Resources */,
				7CFD39A1205FFF9E00A3B800 /* TimersVC.xib in Resources */,
				7CA0A4482063C4CC000B10C6 /* AboutVC.xib in Resources */,
				7CCFB5C52062624000D25EDB /* SettingsTableCell.xib in Resources */,
				7CFD3996205FFDBA00A3B800 /* LaunchScreen.storyboard in Resources */,
				7C302BAA20611AA700B60560 /* EndedTimersVC.xib in Resources */,
				7CFD3993205FFDBA00A3B800 /* Assets.xcassets in Resources */,
				7CA0A44E2063D9C0000B10C6 /* SendFormVC.xib in Resources */,
				7C302BA520610AAC00B60560 /* ActiveTimersVC.xib in Resources */,
			);
			runOnlyForDeploymentPostprocessing = 0;
		};
/* End PBXResourcesBuildPhase section */

/* Begin PBXShellScriptBuildPhase section */
		1850157922C786B741AC877A /* [CP] Copy Pods Resources */ = {
			isa = PBXShellScriptBuildPhase;
			buildActionMask = 2147483647;
			files = (
			);
			inputPaths = (
			);
			name = "[CP] Copy Pods Resources";
			outputPaths = (
			);
			runOnlyForDeploymentPostprocessing = 0;
			shellPath = /bin/sh;
			shellScript = "\"${SRCROOT}/Pods/Target Support Files/Pods-Geronimo/Pods-Geronimo-resources.sh\"\n";
			showEnvVarsInLog = 0;
		};
		6674C34B68ACE1013663A91F /* [CP] Embed Pods Frameworks */ = {
			isa = PBXShellScriptBuildPhase;
			buildActionMask = 2147483647;
			files = (
			);
			inputPaths = (
				"${SRCROOT}/Pods/Target Support Files/Pods-Geronimo/Pods-Geronimo-frameworks.sh",
				"${BUILT_PRODUCTS_DIR}/BGTableViewRowActionWithImage/BGTableViewRowActionWithImage.framework",
				"${BUILT_PRODUCTS_DIR}/RKPieChart/RKPieChart.framework",
				"${BUILT_PRODUCTS_DIR}/SnapKit/SnapKit.framework",
			);
			name = "[CP] Embed Pods Frameworks";
			outputPaths = (
				"${TARGET_BUILD_DIR}/${FRAMEWORKS_FOLDER_PATH}/BGTableViewRowActionWithImage.framework",
				"${TARGET_BUILD_DIR}/${FRAMEWORKS_FOLDER_PATH}/RKPieChart.framework",
				"${TARGET_BUILD_DIR}/${FRAMEWORKS_FOLDER_PATH}/SnapKit.framework",
			);
			runOnlyForDeploymentPostprocessing = 0;
			shellPath = /bin/sh;
			shellScript = "\"${SRCROOT}/Pods/Target Support Files/Pods-Geronimo/Pods-Geronimo-frameworks.sh\"\n";
			showEnvVarsInLog = 0;
		};
		68B7077C73C05B17E4D4E9E2 /* [CP] Check Pods Manifest.lock */ = {
			isa = PBXShellScriptBuildPhase;
			buildActionMask = 2147483647;
			files = (
			);
			inputPaths = (
				"${PODS_PODFILE_DIR_PATH}/Podfile.lock",
				"${PODS_ROOT}/Manifest.lock",
			);
			name = "[CP] Check Pods Manifest.lock";
			outputPaths = (
				"$(DERIVED_FILE_DIR)/Pods-Geronimo-checkManifestLockResult.txt",
			);
			runOnlyForDeploymentPostprocessing = 0;
			shellPath = /bin/sh;
			shellScript = "diff \"${PODS_PODFILE_DIR_PATH}/Podfile.lock\" \"${PODS_ROOT}/Manifest.lock\" > /dev/null\nif [ $? != 0 ] ; then\n    # print error to STDERR\n    echo \"error: The sandbox is not in sync with the Podfile.lock. Run 'pod install' or update your CocoaPods installation.\" >&2\n    exit 1\nfi\n# This output is used by Xcode 'outputs' to avoid re-running this script phase.\necho \"SUCCESS\" > \"${SCRIPT_OUTPUT_FILE_0}\"\n";
			showEnvVarsInLog = 0;
		};
/* End PBXShellScriptBuildPhase section */

/* Begin PBXSourcesBuildPhase section */
		7CFD3981205FFDBA00A3B800 /* Sources */ = {
			isa = PBXSourcesBuildPhase;
			buildActionMask = 2147483647;
			files = (
				7CA0A44D2063D9C0000B10C6 /* SendFormVC.swift in Sources */,
				7C302BA420610AAC00B60560 /* ActiveTimersVC.swift in Sources */,
				7C302BAE20611AE100B60560 /* EndedTimerTableCell.swift in Sources */,
				7C2AF274206447860028B2C4 /* Timer.swift in Sources */,
				7CA4C123206527C800E7E905 /* TimerSettingsTable.swift in Sources */,
				7C302BA920611AA700B60560 /* EndedTimersVC.swift in Sources */,
				7C2AF276206454950028B2C4 /* TimerData.swift in Sources */,
				7CCFB5C42062624000D25EDB /* SettingsTableCell.swift in Sources */,
				7CA4C11820650A1200E7E905 /* LabelArrowCell.swift in Sources */,
				7CCFB5BC20624E7000D25EDB /* TableViewRowAction.swift in Sources */,
				7CCFB5C7206279F500D25EDB /* StatusBar.swift in Sources */,
				7CA4C11C20650CCF00E7E905 /* LabelSwitchCell.swift in Sources */,
				7C48B8DB20600CF4001605A6 /* ActiveTimerTableCell.swift in Sources */,
				7CA4C12020650DDF00E7E905 /* LabelLabelCell.swift in Sources */,
				7CCFB5C0206260BF00D25EDB /* SettingsVC.swift in Sources */,
				7CA0A4472063C4CC000B10C6 /* AboutVC.swift in Sources */,
				7CFD3989205FFDBA00A3B800 /* AppDelegate.swift in Sources */,
				7C43B7BE2062960300D57614 /* EditTimerVC.swift in Sources */,
				7CFD39A0205FFF9E00A3B800 /* TimersVC.swift in Sources */,
				7CA0A4522063E8BA000B10C6 /* TimerStatisticVC.swift in Sources */,
			);
			runOnlyForDeploymentPostprocessing = 0;
		};
/* End PBXSourcesBuildPhase section */

/* Begin PBXVariantGroup section */
		7CFD3994205FFDBA00A3B800 /* LaunchScreen.storyboard */ = {
			isa = PBXVariantGroup;
			children = (
				7CFD3995205FFDBA00A3B800 /* Base */,
			);
			name = LaunchScreen.storyboard;
			sourceTree = "<group>";
		};
/* End PBXVariantGroup section */

/* Begin XCBuildConfiguration section */
		7CFD3998205FFDBA00A3B800 /* Debug */ = {
			isa = XCBuildConfiguration;
			buildSettings = {
				ALWAYS_SEARCH_USER_PATHS = NO;
				CLANG_ANALYZER_NONNULL = YES;
				CLANG_ANALYZER_NUMBER_OBJECT_CONVERSION = YES_AGGRESSIVE;
				CLANG_CXX_LANGUAGE_STANDARD = "gnu++14";
				CLANG_CXX_LIBRARY = "libc++";
				CLANG_ENABLE_MODULES = YES;
				CLANG_ENABLE_OBJC_ARC = YES;
				CLANG_WARN_BLOCK_CAPTURE_AUTORELEASING = YES;
				CLANG_WARN_BOOL_CONVERSION = YES;
				CLANG_WARN_COMMA = YES;
				CLANG_WARN_CONSTANT_CONVERSION = YES;
				CLANG_WARN_DIRECT_OBJC_ISA_USAGE = YES_ERROR;
				CLANG_WARN_DOCUMENTATION_COMMENTS = YES;
				CLANG_WARN_EMPTY_BODY = YES;
				CLANG_WARN_ENUM_CONVERSION = YES;
				CLANG_WARN_INFINITE_RECURSION = YES;
				CLANG_WARN_INT_CONVERSION = YES;
				CLANG_WARN_NON_LITERAL_NULL_CONVERSION = YES;
				CLANG_WARN_OBJC_LITERAL_CONVERSION = YES;
				CLANG_WARN_OBJC_ROOT_CLASS = YES_ERROR;
				CLANG_WARN_RANGE_LOOP_ANALYSIS = YES;
				CLANG_WARN_STRICT_PROTOTYPES = YES;
				CLANG_WARN_SUSPICIOUS_MOVE = YES;
				CLANG_WARN_UNGUARDED_AVAILABILITY = YES_AGGRESSIVE;
				CLANG_WARN_UNREACHABLE_CODE = YES;
				CLANG_WARN__DUPLICATE_METHOD_MATCH = YES;
				CODE_SIGN_IDENTITY = "iPhone Developer";
				COPY_PHASE_STRIP = NO;
				DEBUG_INFORMATION_FORMAT = dwarf;
				ENABLE_STRICT_OBJC_MSGSEND = YES;
				ENABLE_TESTABILITY = YES;
				GCC_C_LANGUAGE_STANDARD = gnu11;
				GCC_DYNAMIC_NO_PIC = NO;
				GCC_NO_COMMON_BLOCKS = YES;
				GCC_OPTIMIZATION_LEVEL = 0;
				GCC_PREPROCESSOR_DEFINITIONS = (
					"DEBUG=1",
					"$(inherited)",
				);
				GCC_WARN_64_TO_32_BIT_CONVERSION = YES;
				GCC_WARN_ABOUT_RETURN_TYPE = YES_ERROR;
				GCC_WARN_UNDECLARED_SELECTOR = YES;
				GCC_WARN_UNINITIALIZED_AUTOS = YES_AGGRESSIVE;
				GCC_WARN_UNUSED_FUNCTION = YES;
				GCC_WARN_UNUSED_VARIABLE = YES;
				IPHONEOS_DEPLOYMENT_TARGET = 11.2;
				MTL_ENABLE_DEBUG_INFO = YES;
				ONLY_ACTIVE_ARCH = YES;
				SDKROOT = iphoneos;
				SWIFT_ACTIVE_COMPILATION_CONDITIONS = DEBUG;
				SWIFT_OPTIMIZATION_LEVEL = "-Onone";
			};
			name = Debug;
		};
		7CFD3999205FFDBA00A3B800 /* Release */ = {
			isa = XCBuildConfiguration;
			buildSettings = {
				ALWAYS_SEARCH_USER_PATHS = NO;
				CLANG_ANALYZER_NONNULL = YES;
				CLANG_ANALYZER_NUMBER_OBJECT_CONVERSION = YES_AGGRESSIVE;
				CLANG_CXX_LANGUAGE_STANDARD = "gnu++14";
				CLANG_CXX_LIBRARY = "libc++";
				CLANG_ENABLE_MODULES = YES;
				CLANG_ENABLE_OBJC_ARC = YES;
				CLANG_WARN_BLOCK_CAPTURE_AUTORELEASING = YES;
				CLANG_WARN_BOOL_CONVERSION = YES;
				CLANG_WARN_COMMA = YES;
				CLANG_WARN_CONSTANT_CONVERSION = YES;
				CLANG_WARN_DIRECT_OBJC_ISA_USAGE = YES_ERROR;
				CLANG_WARN_DOCUMENTATION_COMMENTS = YES;
				CLANG_WARN_EMPTY_BODY = YES;
				CLANG_WARN_ENUM_CONVERSION = YES;
				CLANG_WARN_INFINITE_RECURSION = YES;
				CLANG_WARN_INT_CONVERSION = YES;
				CLANG_WARN_NON_LITERAL_NULL_CONVERSION = YES;
				CLANG_WARN_OBJC_LITERAL_CONVERSION = YES;
				CLANG_WARN_OBJC_ROOT_CLASS = YES_ERROR;
				CLANG_WARN_RANGE_LOOP_ANALYSIS = YES;
				CLANG_WARN_STRICT_PROTOTYPES = YES;
				CLANG_WARN_SUSPICIOUS_MOVE = YES;
				CLANG_WARN_UNGUARDED_AVAILABILITY = YES_AGGRESSIVE;
				CLANG_WARN_UNREACHABLE_CODE = YES;
				CLANG_WARN__DUPLICATE_METHOD_MATCH = YES;
				CODE_SIGN_IDENTITY = "iPhone Developer";
				COPY_PHASE_STRIP = NO;
				DEBUG_INFORMATION_FORMAT = "dwarf-with-dsym";
				ENABLE_NS_ASSERTIONS = NO;
				ENABLE_STRICT_OBJC_MSGSEND = YES;
				GCC_C_LANGUAGE_STANDARD = gnu11;
				GCC_NO_COMMON_BLOCKS = YES;
				GCC_WARN_64_TO_32_BIT_CONVERSION = YES;
				GCC_WARN_ABOUT_RETURN_TYPE = YES_ERROR;
				GCC_WARN_UNDECLARED_SELECTOR = YES;
				GCC_WARN_UNINITIALIZED_AUTOS = YES_AGGRESSIVE;
				GCC_WARN_UNUSED_FUNCTION = YES;
				GCC_WARN_UNUSED_VARIABLE = YES;
				IPHONEOS_DEPLOYMENT_TARGET = 11.2;
				MTL_ENABLE_DEBUG_INFO = NO;
				SDKROOT = iphoneos;
				SWIFT_OPTIMIZATION_LEVEL = "-Owholemodule";
				VALIDATE_PRODUCT = YES;
			};
			name = Release;
		};
		7CFD399B205FFDBA00A3B800 /* Debug */ = {
			isa = XCBuildConfiguration;
			baseConfigurationReference = 280F448869ADB64AF5014B1E /* Pods-Geronimo.debug.xcconfig */;
			buildSettings = {
				ASSETCATALOG_COMPILER_APPICON_NAME = AppIcon;
				CODE_SIGN_STYLE = Automatic;
				DEVELOPMENT_TEAM = 7MSPFU2KV4;
				INFOPLIST_FILE = Geronimo/Info.plist;
				LD_RUNPATH_SEARCH_PATHS = "$(inherited) @executable_path/Frameworks";
				PRODUCT_BUNDLE_IDENTIFIER = com.samurai.Geronimo;
				PRODUCT_NAME = "$(TARGET_NAME)";
				SWIFT_VERSION = 4.0;
				TARGETED_DEVICE_FAMILY = "1,2";
			};
			name = Debug;
		};
		7CFD399C205FFDBA00A3B800 /* Release */ = {
			isa = XCBuildConfiguration;
			baseConfigurationReference = BC0403E73D543530D53B6E6E /* Pods-Geronimo.release.xcconfig */;
			buildSettings = {
				ASSETCATALOG_COMPILER_APPICON_NAME = AppIcon;
				CODE_SIGN_STYLE = Automatic;
				DEVELOPMENT_TEAM = 7MSPFU2KV4;
				INFOPLIST_FILE = Geronimo/Info.plist;
				LD_RUNPATH_SEARCH_PATHS = "$(inherited) @executable_path/Frameworks";
				PRODUCT_BUNDLE_IDENTIFIER = com.samurai.Geronimo;
				PRODUCT_NAME = "$(TARGET_NAME)";
				SWIFT_VERSION = 4.0;
				TARGETED_DEVICE_FAMILY = "1,2";
			};
			name = Release;
		};
/* End XCBuildConfiguration section */

/* Begin XCConfigurationList section */
		7CFD3980205FFDBA00A3B800 /* Build configuration list for PBXProject "Geronimo" */ = {
			isa = XCConfigurationList;
			buildConfigurations = (
				7CFD3998205FFDBA00A3B800 /* Debug */,
				7CFD3999205FFDBA00A3B800 /* Release */,
			);
			defaultConfigurationIsVisible = 0;
			defaultConfigurationName = Release;
		};
		7CFD399A205FFDBA00A3B800 /* Build configuration list for PBXNativeTarget "Geronimo" */ = {
			isa = XCConfigurationList;
			buildConfigurations = (
				7CFD399B205FFDBA00A3B800 /* Debug */,
				7CFD399C205FFDBA00A3B800 /* Release */,
			);
			defaultConfigurationIsVisible = 0;
			defaultConfigurationName = Release;
		};
/* End XCConfigurationList section */
	};
	rootObject = 7CFD397D205FFDBA00A3B800 /* Project object */;
}
